
Microsoft Visual Studio Solution File, Format Version 12.00
# Visual Studio 14
VisualStudioVersion = 14.0.25420.1
MinimumVisualStudioVersion = 10.0.40219.1
Project("{2150E333-8FDC-42A3-9474-1A3956D46DE8}") = "1.Presentation", "1.Presentation", "{B0BE278B-B302-41C2-A36C-7B9137CBBAFE}"
EndProject
Project("{2150E333-8FDC-42A3-9474-1A3956D46DE8}") = "2.Application", "2.Application", "{AF0B680A-9971-418B-A7EC-E794B4B6E875}"
EndProject
Project("{2150E333-8FDC-42A3-9474-1A3956D46DE8}") = "3.Domain", "3.Domain", "{80D40EB5-7879-43B1-B232-8357F7CF538C}"
EndProject
Project("{2150E333-8FDC-42A3-9474-1A3956D46DE8}") = "4.Repository", "4.Repository", "{15F06EE5-632C-4A57-A17A-3DB80105EACF}"
EndProject
Project("{2150E333-8FDC-42A3-9474-1A3956D46DE8}") = "6.Infrastructure", "6.Infrastructure", "{9F56CE2C-06B5-498D-8F2D-6CB9F18B3A2F}"
EndProject
Project("{2150E333-8FDC-42A3-9474-1A3956D46DE8}") = "7.Messages", "7.Messages", "{3D55CC3C-8EDC-45CF-8D55-E971E085E110}"
EndProject
Project("{2150E333-8FDC-42A3-9474-1A3956D46DE8}") = "CommandServices", "CommandServices", "{B19608DC-C6BF-4E85-BAB1-8C9C61A9EF1E}"
EndProject
Project("{FAE04EC0-301F-11D3-BF4B-00C04F79EFBC}") = "ITJob.Commands", "ITJob.Commands\ITJob.Commands.csproj", "{6932A515-DE3D-4349-AB19-4E41CEA1902F}"
EndProject
Project("{FAE04EC0-301F-11D3-BF4B-00C04F79EFBC}") = "ITJob.QueryModels.Interfaces", "ITJob.QueryModels.Interfaces\ITJob.QueryModels.Interfaces.csproj", "{91AE9AB6-0A47-4BE9-B1FC-26D8715D987F}"
EndProject
Project("{2150E333-8FDC-42A3-9474-1A3956D46DE8}") = "QueryServices", "QueryServices", "{F606AF8C-83E6-4E73-8C0B-F312F4D83A95}"
EndProject
Project("{FAE04EC0-301F-11D3-BF4B-00C04F79EFBC}") = "ITJob.CommandService", "ITJob.CommandService\ITJob.CommandService.csproj", "{40E83931-AF2C-412C-8DD9-575525419D2E}"
EndProject
Project("{FAE04EC0-301F-11D3-BF4B-00C04F79EFBC}") = "ITJob.QueryService.Interfaces", "ITJob.QueryService.Interfaces\ITJob.QueryService.Interfaces.csproj", "{151CDCA2-59AD-44BC-AEB1-A76C88F198AD}"
EndProject
Project("{FAE04EC0-301F-11D3-BF4B-00C04F79EFBC}") = "ITJob.QueryService.Implements", "ITJob.QueryService.Implements\ITJob.QueryService.Implements.csproj", "{0613C283-04F3-4049-A182-5C2D507D4C39}"
EndProject
Project("{FAE04EC0-301F-11D3-BF4B-00C04F79EFBC}") = "ITJob.SecurityService", "ITJob.SecurityService\ITJob.SecurityService.csproj", "{BD686D68-F21E-4A7D-8BFB-5DEE26D387FB}"
EndProject
Project("{FAE04EC0-301F-11D3-BF4B-00C04F79EFBC}") = "ITJob.ApiService", "ITJob.ApiService\ITJob.ApiService.csproj", "{10C90DA5-B857-4B72-9204-DC36DE282AD7}"
EndProject
Project("{FAE04EC0-301F-11D3-BF4B-00C04F79EFBC}") = "ITJob.Infrastructure", "ITJob.Infrastructure\ITJob.Infrastructure.csproj", "{26DFB93F-4561-4AB2-96DC-43E5AAEECA0E}"
EndProject
Project("{FAE04EC0-301F-11D3-BF4B-00C04F79EFBC}") = "ITJob.DomainModel", "ITJob.DomainModel\ITJob.DomainModel.csproj", "{7C09D1F6-0187-41ED-A6E8-E7AEC54EA2AE}"
EndProject
Project("{FAE04EC0-301F-11D3-BF4B-00C04F79EFBC}") = "ITJob.EntityFramework.Read", "ITJob.EntityFramework.Read\ITJob.EntityFramework.Read.csproj", "{69B4EFB1-D479-4B2F-BAAC-DB1B41318F81}"
EndProject
Project("{FAE04EC0-301F-11D3-BF4B-00C04F79EFBC}") = "ITJob.EntityFramework.Read.Implement", "ITJob.EntityFramework.Read.Implement\ITJob.EntityFramework.Read.Implement.csproj", "{97901F71-7E27-4A88-A754-7613BE874132}"
EndProject
Project("{FAE04EC0-301F-11D3-BF4B-00C04F79EFBC}") = "ITJob.EntityFramework.Write", "ITJob.EntityFramework.Write\ITJob.EntityFramework.Write.csproj", "{0AEB129C-A1C9-423D-93A4-741C71953E87}"
EndProject
Project("{FAE04EC0-301F-11D3-BF4B-00C04F79EFBC}") = "ITJob.EntityFramework.Write.Implement", "ITJob.EntityFramework.Write.Implement\ITJob.EntityFramework.Write.Implement.csproj", "{843820F5-C11C-4E2F-8CCB-A07E4B6024EC}"
EndProject
Project("{FAE04EC0-301F-11D3-BF4B-00C04F79EFBC}") = "ITJob.Repository", "ITJob.Repository\ITJob.Repository.csproj", "{222FC03A-3B31-489C-9DEB-681295733AF4}"
EndProject
Project("{2150E333-8FDC-42A3-9474-1A3956D46DE8}") = "5.Handler", "5.Handler", "{A612CA5E-94DC-4021-B217-D488F958C650}"
EndProject
Global
	GlobalSection(SolutionConfigurationPlatforms) = preSolution
		Debug|Any CPU = Debug|Any CPU
		Release|Any CPU = Release|Any CPU
	EndGlobalSection
	GlobalSection(ProjectConfigurationPlatforms) = postSolution
		{6932A515-DE3D-4349-AB19-4E41CEA1902F}.Debug|Any CPU.ActiveCfg = Debug|Any CPU
		{6932A515-DE3D-4349-AB19-4E41CEA1902F}.Debug|Any CPU.Build.0 = Debug|Any CPU
		{6932A515-DE3D-4349-AB19-4E41CEA1902F}.Release|Any CPU.ActiveCfg = Release|Any CPU
		{6932A515-DE3D-4349-AB19-4E41CEA1902F}.Release|Any CPU.Build.0 = Release|Any CPU
		{91AE9AB6-0A47-4BE9-B1FC-26D8715D987F}.Debug|Any CPU.ActiveCfg = Debug|Any CPU
		{91AE9AB6-0A47-4BE9-B1FC-26D8715D987F}.Debug|Any CPU.Build.0 = Debug|Any CPU
		{91AE9AB6-0A47-4BE9-B1FC-26D8715D987F}.Release|Any CPU.ActiveCfg = Release|Any CPU
		{91AE9AB6-0A47-4BE9-B1FC-26D8715D987F}.Release|Any CPU.Build.0 = Release|Any CPU
		{40E83931-AF2C-412C-8DD9-575525419D2E}.Debug|Any CPU.ActiveCfg = Debug|Any CPU
		{40E83931-AF2C-412C-8DD9-575525419D2E}.Debug|Any CPU.Build.0 = Debug|Any CPU
		{40E83931-AF2C-412C-8DD9-575525419D2E}.Release|Any CPU.ActiveCfg = Release|Any CPU
		{40E83931-AF2C-412C-8DD9-575525419D2E}.Release|Any CPU.Build.0 = Release|Any CPU
		{151CDCA2-59AD-44BC-AEB1-A76C88F198AD}.Debug|Any CPU.ActiveCfg = Debug|Any CPU
		{151CDCA2-59AD-44BC-AEB1-A76C88F198AD}.Debug|Any CPU.Build.0 = Debug|Any CPU
		{151CDCA2-59AD-44BC-AEB1-A76C88F198AD}.Release|Any CPU.ActiveCfg = Release|Any CPU
		{151CDCA2-59AD-44BC-AEB1-A76C88F198AD}.Release|Any CPU.Build.0 = Release|Any CPU
		{0613C283-04F3-4049-A182-5C2D507D4C39}.Debug|Any CPU.ActiveCfg = Debug|Any CPU
		{0613C283-04F3-4049-A182-5C2D507D4C39}.Debug|Any CPU.Build.0 = Debug|Any CPU
		{0613C283-04F3-4049-A182-5C2D507D4C39}.Release|Any CPU.ActiveCfg = Release|Any CPU
		{0613C283-04F3-4049-A182-5C2D507D4C39}.Release|Any CPU.Build.0 = Release|Any CPU
		{BD686D68-F21E-4A7D-8BFB-5DEE26D387FB}.Debug|Any CPU.ActiveCfg = Debug|Any CPU
		{BD686D68-F21E-4A7D-8BFB-5DEE26D387FB}.Debug|Any CPU.Build.0 = Debug|Any CPU
		{BD686D68-F21E-4A7D-8BFB-5DEE26D387FB}.Release|Any CPU.ActiveCfg = Release|Any CPU
		{BD686D68-F21E-4A7D-8BFB-5DEE26D387FB}.Release|Any CPU.Build.0 = Release|Any CPU
		{10C90DA5-B857-4B72-9204-DC36DE282AD7}.Debug|Any CPU.ActiveCfg = Debug|Any CPU
		{10C90DA5-B857-4B72-9204-DC36DE282AD7}.Debug|Any CPU.Build.0 = Debug|Any CPU
		{10C90DA5-B857-4B72-9204-DC36DE282AD7}.Release|Any CPU.ActiveCfg = Release|Any CPU
		{10C90DA5-B857-4B72-9204-DC36DE282AD7}.Release|Any CPU.Build.0 = Release|Any CPU
		{26DFB93F-4561-4AB2-96DC-43E5AAEECA0E}.Debug|Any CPU.ActiveCfg = Debug|Any CPU
		{26DFB93F-4561-4AB2-96DC-43E5AAEECA0E}.Debug|Any CPU.Build.0 = Debug|Any CPU
		{26DFB93F-4561-4AB2-96DC-43E5AAEECA0E}.Release|Any CPU.ActiveCfg = Release|Any CPU
		{26DFB93F-4561-4AB2-96DC-43E5AAEECA0E}.Release|Any CPU.Build.0 = Release|Any CPU
		{7C09D1F6-0187-41ED-A6E8-E7AEC54EA2AE}.Debug|Any CPU.ActiveCfg = Debug|Any CPU
		{7C09D1F6-0187-41ED-A6E8-E7AEC54EA2AE}.Debug|Any CPU.Build.0 = Debug|Any CPU
		{7C09D1F6-0187-41ED-A6E8-E7AEC54EA2AE}.Release|Any CPU.ActiveCfg = Release|Any CPU
		{7C09D1F6-0187-41ED-A6E8-E7AEC54EA2AE}.Release|Any CPU.Build.0 = Release|Any CPU
		{69B4EFB1-D479-4B2F-BAAC-DB1B41318F81}.Debug|Any CPU.ActiveCfg = Debug|Any CPU
		{69B4EFB1-D479-4B2F-BAAC-DB1B41318F81}.Debug|Any CPU.Build.0 = Debug|Any CPU
		{69B4EFB1-D479-4B2F-BAAC-DB1B41318F81}.Release|Any CPU.ActiveCfg = Release|Any CPU
		{69B4EFB1-D479-4B2F-BAAC-DB1B41318F81}.Release|Any CPU.Build.0 = Release|Any CPU
		{97901F71-7E27-4A88-A754-7613BE874132}.Debug|Any CPU.ActiveCfg = Debug|Any CPU
		{97901F71-7E27-4A88-A754-7613BE874132}.Debug|Any CPU.Build.0 = Debug|Any CPU
		{97901F71-7E27-4A88-A754-7613BE874132}.Release|Any CPU.ActiveCfg = Release|Any CPU
		{97901F71-7E27-4A88-A754-7613BE874132}.Release|Any CPU.Build.0 = Release|Any CPU
		{0AEB129C-A1C9-423D-93A4-741C71953E87}.Debug|Any CPU.ActiveCfg = Debug|Any CPU
		{0AEB129C-A1C9-423D-93A4-741C71953E87}.Debug|Any CPU.Build.0 = Debug|Any CPU
		{0AEB129C-A1C9-423D-93A4-741C71953E87}.Release|Any CPU.ActiveCfg = Release|Any CPU
		{0AEB129C-A1C9-423D-93A4-741C71953E87}.Release|Any CPU.Build.0 = Release|Any CPU
		{843820F5-C11C-4E2F-8CCB-A07E4B6024EC}.Debug|Any CPU.ActiveCfg = Debug|Any CPU
		{843820F5-C11C-4E2F-8CCB-A07E4B6024EC}.Debug|Any CPU.Build.0 = Debug|Any CPU
		{843820F5-C11C-4E2F-8CCB-A07E4B6024EC}.Release|Any CPU.ActiveCfg = Release|Any CPU
		{843820F5-C11C-4E2F-8CCB-A07E4B6024EC}.Release|Any CPU.Build.0 = Release|Any CPU
		{222FC03A-3B31-489C-9DEB-681295733AF4}.Debug|Any CPU.ActiveCfg = Debug|Any CPU
		{222FC03A-3B31-489C-9DEB-681295733AF4}.Debug|Any CPU.Build.0 = Debug|Any CPU
		{222FC03A-3B31-489C-9DEB-681295733AF4}.Release|Any CPU.ActiveCfg = Release|Any CPU
		{222FC03A-3B31-489C-9DEB-681295733AF4}.Release|Any CPU.Build.0 = Release|Any CPU
	EndGlobalSection
	GlobalSection(SolutionProperties) = preSolution
		HideSolutionNode = FALSE
	EndGlobalSection
	GlobalSection(NestedProjects) = preSolution
		{B19608DC-C6BF-4E85-BAB1-8C9C61A9EF1E} = {A612CA5E-94DC-4021-B217-D488F958C650}
		{6932A515-DE3D-4349-AB19-4E41CEA1902F} = {3D55CC3C-8EDC-45CF-8D55-E971E085E110}
		{91AE9AB6-0A47-4BE9-B1FC-26D8715D987F} = {3D55CC3C-8EDC-45CF-8D55-E971E085E110}
		{F606AF8C-83E6-4E73-8C0B-F312F4D83A95} = {AF0B680A-9971-418B-A7EC-E794B4B6E875}
		{40E83931-AF2C-412C-8DD9-575525419D2E} = {B19608DC-C6BF-4E85-BAB1-8C9C61A9EF1E}
		{151CDCA2-59AD-44BC-AEB1-A76C88F198AD} = {F606AF8C-83E6-4E73-8C0B-F312F4D83A95}
		{0613C283-04F3-4049-A182-5C2D507D4C39} = {F606AF8C-83E6-4E73-8C0B-F312F4D83A95}
		{BD686D68-F21E-4A7D-8BFB-5DEE26D387FB} = {9F56CE2C-06B5-498D-8F2D-6CB9F18B3A2F}
		{10C90DA5-B857-4B72-9204-DC36DE282AD7} = {AF0B680A-9971-418B-A7EC-E794B4B6E875}
		{26DFB93F-4561-4AB2-96DC-43E5AAEECA0E} = {9F56CE2C-06B5-498D-8F2D-6CB9F18B3A2F}
		{7C09D1F6-0187-41ED-A6E8-E7AEC54EA2AE} = {80D40EB5-7879-43B1-B232-8357F7CF538C}
		{69B4EFB1-D479-4B2F-BAAC-DB1B41318F81} = {15F06EE5-632C-4A57-A17A-3DB80105EACF}
		{97901F71-7E27-4A88-A754-7613BE874132} = {15F06EE5-632C-4A57-A17A-3DB80105EACF}
		{0AEB129C-A1C9-423D-93A4-741C71953E87} = {15F06EE5-632C-4A57-A17A-3DB80105EACF}
		{843820F5-C11C-4E2F-8CCB-A07E4B6024EC} = {15F06EE5-632C-4A57-A17A-3DB80105EACF}
		{222FC03A-3B31-489C-9DEB-681295733AF4} = {15F06EE5-632C-4A57-A17A-3DB80105EACF}
	EndGlobalSection
	GlobalSection(ExtensibilityGlobals) = postSolution
		SolutionGuid = {2F16C671-D752-4D5A-A89F-9C99F343883F}
	EndGlobalSection
EndGlobal
